
Microsoft Visual Studio Solution File, Format Version 12.00
# Visual Studio Version 17
VisualStudioVersion = 17.7.34003.232
MinimumVisualStudioVersion = 10.0.40219.1
Project("{2150E333-8FDC-42A3-9474-1A3956D46DE8}") = "Enterprises Business Rules", "Enterprises Business Rules", "{970EFF64-1859-47DF-94DB-084CF4258E6A}"
EndProject
Project("{9A19103F-16F7-4668-BE54-9A1E7A4F7556}") = "LatinoNet.Entities", "LatinoNet.Entities\LatinoNet.Entities.csproj", "{0BC5A5F3-7985-446E-A82A-E65A41206D2A}"
EndProject
Project("{2150E333-8FDC-42A3-9474-1A3956D46DE8}") = "Interface Adapters", "Interface Adapters", "{687E7FA6-0763-44E9-9841-DD3829AE8C00}"
EndProject
Project("{2150E333-8FDC-42A3-9474-1A3956D46DE8}") = "Gateways", "Gateways", "{D9307632-7B2A-4AC2-8E50-C8893092C921}"
EndProject
Project("{9A19103F-16F7-4668-BE54-9A1E7A4F7556}") = "LatinoNet.Repository", "LatinoNet.Repository\LatinoNet.Repository.csproj", "{13EA3EC8-D09F-461A-B8E8-C756C0298532}"
EndProject
Project("{2150E333-8FDC-42A3-9474-1A3956D46DE8}") = "Application Business Rules", "Application Business Rules", "{2B4C5566-4F0B-4DE7-A61A-4A2B703F40DE}"
EndProject
Project("{9A19103F-16F7-4668-BE54-9A1E7A4F7556}") = "LatinoNet.DTOs", "LatinoNet.DTOs\LatinoNet.DTOs.csproj", "{780EA5AD-FD99-424E-8C3B-5DB94D675AEC}"
EndProject
Project("{9A19103F-16F7-4668-BE54-9A1E7A4F7556}") = "LatinoNet.UseCasesPorts", "LatinoNet.UseCasesPorts\LatinoNet.UseCasesPorts.csproj", "{18B0C588-439A-4A63-B3CE-63FCF6144D90}"
EndProject
Project("{9A19103F-16F7-4668-BE54-9A1E7A4F7556}") = "LatinoNet.UseCases", "LatinoNet.UseCases\LatinoNet.UseCases.csproj", "{A669E845-9EBA-4914-A92D-57690B7E8423}"
EndProject
Project("{2150E333-8FDC-42A3-9474-1A3956D46DE8}") = "Presenters", "Presenters", "{603FC372-FFFF-45D7-986E-41CEAD4D2372}"
EndProject
Project("{9A19103F-16F7-4668-BE54-9A1E7A4F7556}") = "LatinoNet.Presenters", "LatinoNet.Presenters\LatinoNet.Presenters.csproj", "{630DC507-1B92-4AC0-BD97-825802F9ACC2}"
EndProject
Project("{2150E333-8FDC-42A3-9474-1A3956D46DE8}") = "Controllers", "Controllers", "{0A2343AE-E15B-4F3E-8335-14B6F07571C3}"
EndProject
Project("{9A19103F-16F7-4668-BE54-9A1E7A4F7556}") = "LatinoNet.Controllers", "LatinoNet.Controllers\LatinoNet.Controllers.csproj", "{B1DEF077-7EC4-47DD-9CAE-EA0FE3E54262}"
EndProject
Project("{FAE04EC0-301F-11D3-BF4B-00C04F79EFBC}") = "LatinoNet.IoC", "LatinoNet.IoC\LatinoNet.IoC.csproj", "{3869DBED-F7E9-48F5-BB44-23F08C1D3563}"
EndProject
Project("{2150E333-8FDC-42A3-9474-1A3956D46DE8}") = "Frameworks And Drivers", "Frameworks And Drivers", "{AC2C1A6E-D8D3-4B3A-9EB2-CB67FEAE2C08}"
EndProject
Project("{2150E333-8FDC-42A3-9474-1A3956D46DE8}") = "UIs", "UIs", "{1CD9A1B4-9635-45E9-89A8-62E432BECE97}"
EndProject
Project("{FAE04EC0-301F-11D3-BF4B-00C04F79EFBC}") = "LatinoNet.Api", "LatinoNet.Api\LatinoNet.Api.csproj", "{4C168C35-BFAD-448A-9A11-3CC4F3E37628}"
EndProject
Global
	GlobalSection(SolutionConfigurationPlatforms) = preSolution
		Debug|Any CPU = Debug|Any CPU
		Release|Any CPU = Release|Any CPU
	EndGlobalSection
	GlobalSection(ProjectConfigurationPlatforms) = postSolution
		{0BC5A5F3-7985-446E-A82A-E65A41206D2A}.Debug|Any CPU.ActiveCfg = Debug|Any CPU
		{0BC5A5F3-7985-446E-A82A-E65A41206D2A}.Debug|Any CPU.Build.0 = Debug|Any CPU
		{0BC5A5F3-7985-446E-A82A-E65A41206D2A}.Release|Any CPU.ActiveCfg = Release|Any CPU
		{0BC5A5F3-7985-446E-A82A-E65A41206D2A}.Release|Any CPU.Build.0 = Release|Any CPU
		{13EA3EC8-D09F-461A-B8E8-C756C0298532}.Debug|Any CPU.ActiveCfg = Debug|Any CPU
		{13EA3EC8-D09F-461A-B8E8-C756C0298532}.Debug|Any CPU.Build.0 = Debug|Any CPU
		{13EA3EC8-D09F-461A-B8E8-C756C0298532}.Release|Any CPU.ActiveCfg = Release|Any CPU
		{13EA3EC8-D09F-461A-B8E8-C756C0298532}.Release|Any CPU.Build.0 = Release|Any CPU
		{780EA5AD-FD99-424E-8C3B-5DB94D675AEC}.Debug|Any CPU.ActiveCfg = Debug|Any CPU
		{780EA5AD-FD99-424E-8C3B-5DB94D675AEC}.Debug|Any CPU.Build.0 = Debug|Any CPU
		{780EA5AD-FD99-424E-8C3B-5DB94D675AEC}.Release|Any CPU.ActiveCfg = Release|Any CPU
		{780EA5AD-FD99-424E-8C3B-5DB94D675AEC}.Release|Any CPU.Build.0 = Release|Any CPU
		{18B0C588-439A-4A63-B3CE-63FCF6144D90}.Debug|Any CPU.ActiveCfg = Debug|Any CPU
		{18B0C588-439A-4A63-B3CE-63FCF6144D90}.Debug|Any CPU.Build.0 = Debug|Any CPU
		{18B0C588-439A-4A63-B3CE-63FCF6144D90}.Release|Any CPU.ActiveCfg = Release|Any CPU
		{18B0C588-439A-4A63-B3CE-63FCF6144D90}.Release|Any CPU.Build.0 = Release|Any CPU
		{A669E845-9EBA-4914-A92D-57690B7E8423}.Debug|Any CPU.ActiveCfg = Debug|Any CPU
		{A669E845-9EBA-4914-A92D-57690B7E8423}.Debug|Any CPU.Build.0 = Debug|Any CPU
		{A669E845-9EBA-4914-A92D-57690B7E8423}.Release|Any CPU.ActiveCfg = Release|Any CPU
		{A669E845-9EBA-4914-A92D-57690B7E8423}.Release|Any CPU.Build.0 = Release|Any CPU
		{630DC507-1B92-4AC0-BD97-825802F9ACC2}.Debug|Any CPU.ActiveCfg = Debug|Any CPU
		{630DC507-1B92-4AC0-BD97-825802F9ACC2}.Debug|Any CPU.Build.0 = Debug|Any CPU
		{630DC507-1B92-4AC0-BD97-825802F9ACC2}.Release|Any CPU.ActiveCfg = Release|Any CPU
		{630DC507-1B92-4AC0-BD97-825802F9ACC2}.Release|Any CPU.Build.0 = Release|Any CPU
		{B1DEF077-7EC4-47DD-9CAE-EA0FE3E54262}.Debug|Any CPU.ActiveCfg = Debug|Any CPU
		{B1DEF077-7EC4-47DD-9CAE-EA0FE3E54262}.Debug|Any CPU.Build.0 = Debug|Any CPU
		{B1DEF077-7EC4-47DD-9CAE-EA0FE3E54262}.Release|Any CPU.ActiveCfg = Release|Any CPU
		{B1DEF077-7EC4-47DD-9CAE-EA0FE3E54262}.Release|Any CPU.Build.0 = Release|Any CPU
		{3869DBED-F7E9-48F5-BB44-23F08C1D3563}.Debug|Any CPU.ActiveCfg = Debug|Any CPU
		{3869DBED-F7E9-48F5-BB44-23F08C1D3563}.Debug|Any CPU.Build.0 = Debug|Any CPU
		{3869DBED-F7E9-48F5-BB44-23F08C1D3563}.Release|Any CPU.ActiveCfg = Release|Any CPU
		{3869DBED-F7E9-48F5-BB44-23F08C1D3563}.Release|Any CPU.Build.0 = Release|Any CPU
		{4C168C35-BFAD-448A-9A11-3CC4F3E37628}.Debug|Any CPU.ActiveCfg = Debug|Any CPU
		{4C168C35-BFAD-448A-9A11-3CC4F3E37628}.Debug|Any CPU.Build.0 = Debug|Any CPU
		{4C168C35-BFAD-448A-9A11-3CC4F3E37628}.Release|Any CPU.ActiveCfg = Release|Any CPU
		{4C168C35-BFAD-448A-9A11-3CC4F3E37628}.Release|Any CPU.Build.0 = Release|Any CPU
	EndGlobalSection
	GlobalSection(SolutionProperties) = preSolution
		HideSolutionNode = FALSE
	EndGlobalSection
	GlobalSection(NestedProjects) = preSolution
		{0BC5A5F3-7985-446E-A82A-E65A41206D2A} = {970EFF64-1859-47DF-94DB-084CF4258E6A}
		{D9307632-7B2A-4AC2-8E50-C8893092C921} = {687E7FA6-0763-44E9-9841-DD3829AE8C00}
		{13EA3EC8-D09F-461A-B8E8-C756C0298532} = {D9307632-7B2A-4AC2-8E50-C8893092C921}
		{780EA5AD-FD99-424E-8C3B-5DB94D675AEC} = {2B4C5566-4F0B-4DE7-A61A-4A2B703F40DE}
		{18B0C588-439A-4A63-B3CE-63FCF6144D90} = {2B4C5566-4F0B-4DE7-A61A-4A2B703F40DE}
		{A669E845-9EBA-4914-A92D-57690B7E8423} = {2B4C5566-4F0B-4DE7-A61A-4A2B703F40DE}
		{603FC372-FFFF-45D7-986E-41CEAD4D2372} = {687E7FA6-0763-44E9-9841-DD3829AE8C00}
		{630DC507-1B92-4AC0-BD97-825802F9ACC2} = {603FC372-FFFF-45D7-986E-41CEAD4D2372}
		{0A2343AE-E15B-4F3E-8335-14B6F07571C3} = {687E7FA6-0763-44E9-9841-DD3829AE8C00}
		{B1DEF077-7EC4-47DD-9CAE-EA0FE3E54262} = {0A2343AE-E15B-4F3E-8335-14B6F07571C3}
		{3869DBED-F7E9-48F5-BB44-23F08C1D3563} = {D9307632-7B2A-4AC2-8E50-C8893092C921}
		{1CD9A1B4-9635-45E9-89A8-62E432BECE97} = {AC2C1A6E-D8D3-4B3A-9EB2-CB67FEAE2C08}
		{4C168C35-BFAD-448A-9A11-3CC4F3E37628} = {1CD9A1B4-9635-45E9-89A8-62E432BECE97}
	EndGlobalSection
	GlobalSection(ExtensibilityGlobals) = postSolution
		SolutionGuid = {BB0333CF-6423-4B66-9D63-5A65C14691CB}
	EndGlobalSection
EndGlobal
